{
    "version": 3,
    "terraform_version": "0.11.7",
    "serial": 3,
    "lineage": "0471a924-4f03-c016-3897-53d276415bb4",
    "modules": [
        {
            "path": [
                "root"
            ],
            "outputs": {},
            "resources": {
                "digitalocean_droplet.webapp": {
                    "type": "digitalocean_droplet",
                    "depends_on": [],
                    "primary": {
                        "id": "95569501",
                        "attributes": {
                            "disk": "20",
                            "id": "95569501",
                            "image": "centos-7-x64",
                            "ipv4_address": "206.189.158.155",
                            "locked": "false",
                            "name": "webapp",
                            "price_hourly": "0.00744",
                            "price_monthly": "5",
                            "region": "sgp1",
                            "resize_disk": "true",
                            "size": "512mb",
                            "ssh_keys.#": "1",
                            "ssh_keys.0": "21176609",
                            "status": "active",
                            "tags.#": "0",
                            "vcpus": "1"
                        },
                        "meta": {},
                        "tainted": false
                    },
                    "deposed": [],
                    "provider": "provider.digitalocean"
                }
            },
            "depends_on": []
        }
    ]
}
